{
    "version": 3,
    "terraform_version": "0.9.8",
    "serial": 0,
    "lineage": "3b19363b-01e7-4281-b92d-33e580f16b6a",
    "modules": [
        {
            "path": [
                "root"
            ],
            "outputs": {},
            "resources": {
                "aws_instance.webserver": {
                    "type": "aws_instance",
                    "depends_on": [
                        "aws_key_pair.deployer",
                        "aws_security_group.allow_all"
                    ],
                    "primary": {
                        "id": "i-051997d0eb900db32",
                        "attributes": {
                            "ami": "ami-0b59bfac6be064b78",
                            "associate_public_ip_address": "true",
                            "availability_zone": "us-east-2b",
                            "disable_api_termination": "false",
                            "ebs_block_device.#": "0",
                            "ebs_optimized": "false",
                            "ephemeral_block_device.#": "0",
                            "iam_instance_profile": "",
                            "id": "i-051997d0eb900db32",
                            "instance_state": "running",
                            "instance_type": "t2.micro",
                            "ipv6_addresses.#": "0",
                            "key_name": "ambo",
                            "monitoring": "false",
                            "network_interface.#": "0",
                            "network_interface_id": "eni-03d74917beca4c33a",
                            "primary_network_interface_id": "eni-03d74917beca4c33a",
                            "private_dns": "ip-172-31-26-188.us-east-2.compute.internal",
                            "private_ip": "172.31.26.188",
                            "public_dns": "ec2-18-224-24-45.us-east-2.compute.amazonaws.com",
                            "public_ip": "18.224.24.45",
                            "root_block_device.#": "1",
                            "root_block_device.0.delete_on_termination": "true",
                            "root_block_device.0.iops": "100",
                            "root_block_device.0.volume_size": "8",
                            "root_block_device.0.volume_type": "gp2",
                            "security_groups.#": "1",
                            "security_groups.2716396838": "sgmode",
                            "source_dest_check": "true",
                            "subnet_id": "subnet-dc8c1fa6",
                            "tags.%": "1",
                            "tags.Name": "buhari",
                            "tenancy": "default",
                            "volume_tags.%": "0",
                            "vpc_security_group_ids.#": "0"
                        },
                        "meta": {
                            "e2bfb730-ecaa-11e6-8f88-34363bc7c4c0": {
                                "create": 600000000000,
                                "delete": 600000000000,
                                "update": 600000000000
                            },
                            "schema_version": "1"
                        },
                        "tainted": false
                    },
                    "deposed": [],
                    "provider": ""
                },
                "aws_key_pair.deployer": {
                    "type": "aws_key_pair",
                    "depends_on": [],
                    "primary": {
                        "id": "ambo",
                        "attributes": {
                            "id": "ambo",
                            "key_name": "ambo",
                            "public_key": "ssh-rsa AAAAB3NzaC1yc2EAAAADAQABAAABAQCiMiqZ+iVugURs258nUv2M7s2EPnTXdjXA1l/drfMZ4KX0T0g+aNbpsZK6kGP0/t2cTUeAlsUnvwGvo+bWClap3UYAc+leudwBfw3czrAZaI547cgk0JpmENI8/5Mvn7Lt2k1Fy2gH4phmvn8hbGByDtZMlG6whvFv5cF4Res+AQMYWzVzMIaGZkLHbydj1/htZFo60FHwOh/+53GcwbYyreQuc/a9CX3rJiDkS680qjiS32cf3pQCiR2a0RMu3c3nKaS/ejj9mOfI/2uBwx2oUe9gAQpjlP29yP6u40nMa+3QPfX/PeWs4GkrVNXhkGCVrcni6KoOSBKtQrG8h2+b vagrant@localhost.localdomain"
                        },
                        "meta": {
                            "schema_version": "1"
                        },
                        "tainted": false
                    },
                    "deposed": [],
                    "provider": ""
                },
                "aws_security_group.allow_all": {
                    "type": "aws_security_group",
                    "depends_on": [],
                    "primary": {
                        "id": "sg-073475943115e732b",
                        "attributes": {
                            "description": "For Terraform Learning",
                            "egress.#": "1",
                            "egress.482069346.cidr_blocks.#": "1",
                            "egress.482069346.cidr_blocks.0": "0.0.0.0/0",
                            "egress.482069346.from_port": "0",
                            "egress.482069346.ipv6_cidr_blocks.#": "0",
                            "egress.482069346.prefix_list_ids.#": "0",
                            "egress.482069346.protocol": "-1",
                            "egress.482069346.security_groups.#": "0",
                            "egress.482069346.self": "false",
                            "egress.482069346.to_port": "0",
                            "id": "sg-073475943115e732b",
                            "ingress.#": "3",
                            "ingress.2214680975.cidr_blocks.#": "1",
                            "ingress.2214680975.cidr_blocks.0": "0.0.0.0/0",
                            "ingress.2214680975.from_port": "80",
                            "ingress.2214680975.ipv6_cidr_blocks.#": "0",
                            "ingress.2214680975.protocol": "tcp",
                            "ingress.2214680975.security_groups.#": "0",
                            "ingress.2214680975.self": "false",
                            "ingress.2214680975.to_port": "80",
                            "ingress.2541437006.cidr_blocks.#": "1",
                            "ingress.2541437006.cidr_blocks.0": "0.0.0.0/0",
                            "ingress.2541437006.from_port": "22",
                            "ingress.2541437006.ipv6_cidr_blocks.#": "0",
                            "ingress.2541437006.protocol": "tcp",
                            "ingress.2541437006.security_groups.#": "0",
                            "ingress.2541437006.self": "false",
                            "ingress.2541437006.to_port": "22",
                            "ingress.516175195.cidr_blocks.#": "1",
                            "ingress.516175195.cidr_blocks.0": "0.0.0.0/0",
                            "ingress.516175195.from_port": "8080",
                            "ingress.516175195.ipv6_cidr_blocks.#": "0",
                            "ingress.516175195.protocol": "tcp",
                            "ingress.516175195.security_groups.#": "0",
                            "ingress.516175195.self": "false",
                            "ingress.516175195.to_port": "8080",
                            "name": "sgmode",
                            "owner_id": "681504525746",
                            "tags.%": "0",
                            "vpc_id": "vpc-a48fbdcc"
                        },
                        "meta": {},
                        "tainted": false
                    },
                    "deposed": [],
                    "provider": ""
                }
            },
            "depends_on": []
        }
    ]
}
