{
    "version": 3,
    "terraform_version": "0.9.8",
    "serial": 1,
    "lineage": "b754e374-0591-4878-aa0f-8e5d9f6f5e33",
    "modules": [
        {
            "path": [
                "root"
            ],
            "outputs": {},
            "resources": {
                "aws_instance.appserver": {
                    "type": "aws_instance",
                    "depends_on": [],
                    "primary": {
                        "id": "i-035fb539a51f36bfa",
                        "attributes": {
                            "ami": "ami-0b59bfac6be064b78",
                            "associate_public_ip_address": "true",
                            "availability_zone": "us-east-2c",
                            "disable_api_termination": "false",
                            "ebs_block_device.#": "0",
                            "ebs_optimized": "false",
                            "ephemeral_block_device.#": "0",
                            "iam_instance_profile": "",
                            "id": "i-035fb539a51f36bfa",
                            "instance_state": "running",
                            "instance_type": "t2.micro",
                            "ipv6_addresses.#": "0",
                            "key_name": "onmax9",
                            "monitoring": "false",
                            "network_interface.#": "0",
                            "network_interface_id": "eni-0a5fa636cff8a4f1b",
                            "primary_network_interface_id": "eni-0a5fa636cff8a4f1b",
                            "private_dns": "ip-172-31-35-46.us-east-2.compute.internal",
                            "private_ip": "172.31.35.46",
                            "public_dns": "ec2-18-191-247-141.us-east-2.compute.amazonaws.com",
                            "public_ip": "18.191.247.141",
                            "root_block_device.#": "1",
                            "root_block_device.0.delete_on_termination": "true",
                            "root_block_device.0.iops": "100",
                            "root_block_device.0.volume_size": "8",
                            "root_block_device.0.volume_type": "gp2",
                            "security_groups.#": "1",
                            "security_groups.2724173737": "mysecgrp",
                            "source_dest_check": "true",
                            "subnet_id": "subnet-f35ea5bf",
                            "tags.%": "1",
                            "tags.Name": "myec2b",
                            "tenancy": "default",
                            "volume_tags.%": "0",
                            "vpc_security_group_ids.#": "0"
                        },
                        "meta": {
                            "e2bfb730-ecaa-11e6-8f88-34363bc7c4c0": {
                                "create": 600000000000,
                                "delete": 600000000000,
                                "update": 600000000000
                            },
                            "schema_version": "1"
                        },
                        "tainted": false
                    },
                    "deposed": [],
                    "provider": ""
                },
                "aws_instance.dbserver": {
                    "type": "aws_instance",
                    "depends_on": [],
                    "primary": {
                        "id": "i-08132a72721a43ed4",
                        "attributes": {
                            "ami": "ami-0b59bfac6be064b78",
                            "associate_public_ip_address": "true",
                            "availability_zone": "us-east-2c",
                            "disable_api_termination": "false",
                            "ebs_block_device.#": "0",
                            "ebs_optimized": "false",
                            "ephemeral_block_device.#": "0",
                            "iam_instance_profile": "",
                            "id": "i-08132a72721a43ed4",
                            "instance_state": "running",
                            "instance_type": "t2.micro",
                            "ipv6_addresses.#": "0",
                            "key_name": "onmax9",
                            "monitoring": "false",
                            "network_interface.#": "0",
                            "network_interface_id": "eni-01e1b9b4b6de6d4cd",
                            "primary_network_interface_id": "eni-01e1b9b4b6de6d4cd",
                            "private_dns": "ip-172-31-35-209.us-east-2.compute.internal",
                            "private_ip": "172.31.35.209",
                            "public_dns": "ec2-18-223-116-58.us-east-2.compute.amazonaws.com",
                            "public_ip": "18.223.116.58",
                            "root_block_device.#": "1",
                            "root_block_device.0.delete_on_termination": "true",
                            "root_block_device.0.iops": "100",
                            "root_block_device.0.volume_size": "8",
                            "root_block_device.0.volume_type": "gp2",
                            "security_groups.#": "1",
                            "security_groups.2724173737": "mysecgrp",
                            "source_dest_check": "true",
                            "subnet_id": "subnet-f35ea5bf",
                            "tags.%": "1",
                            "tags.Name": "myec2c",
                            "tenancy": "default",
                            "volume_tags.%": "0",
                            "vpc_security_group_ids.#": "0"
                        },
                        "meta": {
                            "e2bfb730-ecaa-11e6-8f88-34363bc7c4c0": {
                                "create": 600000000000,
                                "delete": 600000000000,
                                "update": 600000000000
                            },
                            "schema_version": "1"
                        },
                        "tainted": false
                    },
                    "deposed": [],
                    "provider": ""
                },
                "aws_instance.webserver": {
                    "type": "aws_instance",
                    "depends_on": [],
                    "primary": {
                        "id": "i-0a40fc05df585864d",
                        "attributes": {
                            "ami": "ami-0b59bfac6be064b78",
                            "associate_public_ip_address": "true",
                            "availability_zone": "us-east-2c",
                            "disable_api_termination": "false",
                            "ebs_block_device.#": "0",
                            "ebs_optimized": "false",
                            "ephemeral_block_device.#": "0",
                            "iam_instance_profile": "",
                            "id": "i-0a40fc05df585864d",
                            "instance_state": "running",
                            "instance_type": "t2.micro",
                            "ipv6_addresses.#": "0",
                            "key_name": "onmax9",
                            "monitoring": "false",
                            "network_interface.#": "0",
                            "network_interface_id": "eni-087ff88cbbf9db4e0",
                            "primary_network_interface_id": "eni-087ff88cbbf9db4e0",
                            "private_dns": "ip-172-31-41-191.us-east-2.compute.internal",
                            "private_ip": "172.31.41.191",
                            "public_dns": "ec2-18-191-93-87.us-east-2.compute.amazonaws.com",
                            "public_ip": "18.191.93.87",
                            "root_block_device.#": "1",
                            "root_block_device.0.delete_on_termination": "true",
                            "root_block_device.0.iops": "100",
                            "root_block_device.0.volume_size": "8",
                            "root_block_device.0.volume_type": "gp2",
                            "security_groups.#": "1",
                            "security_groups.2724173737": "mysecgrp",
                            "source_dest_check": "true",
                            "subnet_id": "subnet-f35ea5bf",
                            "tags.%": "1",
                            "tags.Name": "myec2a",
                            "tenancy": "default",
                            "volume_tags.%": "0",
                            "vpc_security_group_ids.#": "0"
                        },
                        "meta": {
                            "e2bfb730-ecaa-11e6-8f88-34363bc7c4c0": {
                                "create": 600000000000,
                                "delete": 600000000000,
                                "update": 600000000000
                            },
                            "schema_version": "1"
                        },
                        "tainted": false
                    },
                    "deposed": [],
                    "provider": ""
                },
                "aws_key_pair.deployer": {
                    "type": "aws_key_pair",
                    "depends_on": [],
                    "primary": {
                        "id": "onmax9",
                        "attributes": {
                            "fingerprint": "cb:db:4d:59:a4:12:88:c8:ee:94:8a:d6:a6:45:fb:5b",
                            "id": "onmax9",
                            "key_name": "onmax9",
                            "public_key": "ssh-rsa AAAAB3NzaC1yc2EAAAADAQABAAABAQCiMiqZ+iVugURs258nUv2M7s2EPnTXdjXA1l/drfMZ4KX0T0g+aNbpsZK6kGP0/t2cTUeAlsUnvwGvo+bWClap3UYAc+leudwBfw3czrAZaI547cgk0JpmENI8/5Mvn7Lt2k1Fy2gH4phmvn8hbGByDtZMlG6whvFv5cF4Res+AQMYWzVzMIaGZkLHbydj1/htZFo60FHwOh/+53GcwbYyreQuc/a9CX3rJiDkS680qjiS32cf3pQCiR2a0RMu3c3nKaS/ejj9mOfI/2uBwx2oUe9gAQpjlP29yP6u40nMa+3QPfX/PeWs4GkrVNXhkGCVrcni6KoOSBKtQrG8h2+b vagrant@localhost.localdomain"
                        },
                        "meta": {
                            "schema_version": "1"
                        },
                        "tainted": false
                    },
                    "deposed": [],
                    "provider": ""
                },
                "aws_security_group.allow_all": {
                    "type": "aws_security_group",
                    "depends_on": [],
                    "primary": {
                        "id": "sg-06158e32bc8119204",
                        "attributes": {
                            "description": "Learning by practice",
                            "egress.#": "1",
                            "egress.482069346.cidr_blocks.#": "1",
                            "egress.482069346.cidr_blocks.0": "0.0.0.0/0",
                            "egress.482069346.from_port": "0",
                            "egress.482069346.ipv6_cidr_blocks.#": "0",
                            "egress.482069346.prefix_list_ids.#": "0",
                            "egress.482069346.protocol": "-1",
                            "egress.482069346.security_groups.#": "0",
                            "egress.482069346.self": "false",
                            "egress.482069346.to_port": "0",
                            "id": "sg-06158e32bc8119204",
                            "ingress.#": "3",
                            "ingress.2214680975.cidr_blocks.#": "1",
                            "ingress.2214680975.cidr_blocks.0": "0.0.0.0/0",
                            "ingress.2214680975.from_port": "80",
                            "ingress.2214680975.ipv6_cidr_blocks.#": "0",
                            "ingress.2214680975.protocol": "tcp",
                            "ingress.2214680975.security_groups.#": "0",
                            "ingress.2214680975.self": "false",
                            "ingress.2214680975.to_port": "80",
                            "ingress.2541437006.cidr_blocks.#": "1",
                            "ingress.2541437006.cidr_blocks.0": "0.0.0.0/0",
                            "ingress.2541437006.from_port": "22",
                            "ingress.2541437006.ipv6_cidr_blocks.#": "0",
                            "ingress.2541437006.protocol": "tcp",
                            "ingress.2541437006.security_groups.#": "0",
                            "ingress.2541437006.self": "false",
                            "ingress.2541437006.to_port": "22",
                            "ingress.516175195.cidr_blocks.#": "1",
                            "ingress.516175195.cidr_blocks.0": "0.0.0.0/0",
                            "ingress.516175195.from_port": "8080",
                            "ingress.516175195.ipv6_cidr_blocks.#": "0",
                            "ingress.516175195.protocol": "tcp",
                            "ingress.516175195.security_groups.#": "0",
                            "ingress.516175195.self": "false",
                            "ingress.516175195.to_port": "8080",
                            "name": "mysecgrp",
                            "owner_id": "681504525746",
                            "tags.%": "1",
                            "tags.Name": "mysecgrp",
                            "vpc_id": "vpc-a48fbdcc"
                        },
                        "meta": {},
                        "tainted": false
                    },
                    "deposed": [],
                    "provider": ""
                }
            },
            "depends_on": []
        }
    ]
}
